
Microsoft Visual Studio Solution File, Format Version 12.00
# Visual Studio Version 17
VisualStudioVersion = 17.13.35818.85 d17.13
MinimumVisualStudioVersion = 10.0.40219.1
Project("{FAE04EC0-301F-11D3-BF4B-00C04F79EFBC}") = "Lab 3", "Lab 3.csproj", "{94549BFC-FD19-48CB-9792-D7B7AB8CBB95}"
EndProject
Global
	GlobalSection(SolutionConfigurationPlatforms) = preSolution
		Debug|Any CPU = Debug|Any CPU
		Release|Any CPU = Release|Any CPU
	EndGlobalSection
	GlobalSection(ProjectConfigurationPlatforms) = postSolution
		{94549BFC-FD19-48CB-9792-D7B7AB8CBB95}.Debug|Any CPU.ActiveCfg = Debug|Any CPU
		{94549BFC-FD19-48CB-9792-D7B7AB8CBB95}.Debug|Any CPU.Build.0 = Debug|Any CPU
		{94549BFC-FD19-48CB-9792-D7B7AB8CBB95}.Release|Any CPU.ActiveCfg = Release|Any CPU
		{94549BFC-FD19-48CB-9792-D7B7AB8CBB95}.Release|Any CPU.Build.0 = Release|Any CPU
	EndGlobalSection
	GlobalSection(SolutionProperties) = preSolution
		HideSolutionNode = FALSE
	EndGlobalSection
	GlobalSection(ExtensibilityGlobals) = postSolution
		SolutionGuid = {C30FE362-D1A4-4703-BACB-8793747A163B}
	EndGlobalSection
EndGlobal
